// !$*UTF8*$!
{
	archiveVersion = 1;
	classes = {
	};
	objectVersion = 55;
	objects = {

/* Begin PBXBuildFile section */
		C0E3B590276E98170040882C /* AppDelegate.swift in Sources */ = {isa = PBXBuildFile; fileRef = C0E3B58F276E98170040882C /* AppDelegate.swift */; };
		C0E3B592276E98170040882C /* SceneDelegate.swift in Sources */ = {isa = PBXBuildFile; fileRef = C0E3B591276E98170040882C /* SceneDelegate.swift */; };
		C0E3B594276E98170040882C /* ViewController.swift in Sources */ = {isa = PBXBuildFile; fileRef = C0E3B593276E98170040882C /* ViewController.swift */; };
		C0E3B597276E98170040882C /* Main.storyboard in Resources */ = {isa = PBXBuildFile; fileRef = C0E3B595276E98170040882C /* Main.storyboard */; };
		C0E3B599276E98180040882C /* Assets.xcassets in Resources */ = {isa = PBXBuildFile; fileRef = C0E3B598276E98180040882C /* Assets.xcassets */; };
		C0E3B59C276E98180040882C /* LaunchScreen.storyboard in Resources */ = {isa = PBXBuildFile; fileRef = C0E3B59A276E98180040882C /* LaunchScreen.storyboard */; };
		C0E3B5A7276E98180040882C /* Movie_AppTests.swift in Sources */ = {isa = PBXBuildFile; fileRef = C0E3B5A6276E98180040882C /* Movie_AppTests.swift */; };
		C0E3B5B1276E98180040882C /* Movie_AppUITests.swift in Sources */ = {isa = PBXBuildFile; fileRef = C0E3B5B0276E98180040882C /* Movie_AppUITests.swift */; };
		C0E3B5B3276E98180040882C /* Movie_AppUITestsLaunchTests.swift in Sources */ = {isa = PBXBuildFile; fileRef = C0E3B5B2276E98180040882C /* Movie_AppUITestsLaunchTests.swift */; };
/* End PBXBuildFile section */

/* Begin PBXContainerItemProxy section */
		C0E3B5A3276E98180040882C /* PBXContainerItemProxy */ = {
			isa = PBXContainerItemProxy;
			containerPortal = C0E3B584276E98170040882C /* Project object */;
			proxyType = 1;
			remoteGlobalIDString = C0E3B58B276E98170040882C;
			remoteInfo = "Movie App";
		};
		C0E3B5AD276E98180040882C /* PBXContainerItemProxy */ = {
			isa = PBXContainerItemProxy;
			containerPortal = C0E3B584276E98170040882C /* Project object */;
			proxyType = 1;
			remoteGlobalIDString = C0E3B58B276E98170040882C;
			remoteInfo = "Movie App";
		};
/* End PBXContainerItemProxy section */

/* Begin PBXFileReference section */
		C0E3B58C276E98170040882C /* Movie App.app */ = {isa = PBXFileReference; explicitFileType = wrapper.application; includeInIndex = 0; path = "Movie App.app"; sourceTree = BUILT_PRODUCTS_DIR; };
		C0E3B58F276E98170040882C /* AppDelegate.swift */ = {isa = PBXFileReference; lastKnownFileType = sourcecode.swift; path = AppDelegate.swift; sourceTree = "<group>"; };
		C0E3B591276E98170040882C /* SceneDelegate.swift */ = {isa = PBXFileReference; lastKnownFileType = sourcecode.swift; path = SceneDelegate.swift; sourceTree = "<group>"; };
		C0E3B593276E98170040882C /* ViewController.swift */ = {isa = PBXFileReference; lastKnownFileType = sourcecode.swift; path = ViewController.swift; sourceTree = "<group>"; };
		C0E3B596276E98170040882C /* Base */ = {isa = PBXFileReference; lastKnownFileType = file.storyboard; name = Base; path = Base.lproj/Main.storyboard; sourceTree = "<group>"; };
		C0E3B598276E98180040882C /* Assets.xcassets */ = {isa = PBXFileReference; lastKnownFileType = folder.assetcatalog; path = Assets.xcassets; sourceTree = "<group>"; };
		C0E3B59B276E98180040882C /* Base */ = {isa = PBXFileReference; lastKnownFileType = file.storyboard; name = Base; path = Base.lproj/LaunchScreen.storyboard; sourceTree = "<group>"; };
		C0E3B59D276E98180040882C /* Info.plist */ = {isa = PBXFileReference; lastKnownFileType = text.plist.xml; path = Info.plist; sourceTree = "<group>"; };
		C0E3B5A2276E98180040882C /* Movie AppTests.xctest */ = {isa = PBXFileReference; explicitFileType = wrapper.cfbundle; includeInIndex = 0; path = "Movie AppTests.xctest"; sourceTree = BUILT_PRODUCTS_DIR; };
		C0E3B5A6276E98180040882C /* Movie_AppTests.swift */ = {isa = PBXFileReference; lastKnownFileType = sourcecode.swift; path = Movie_AppTests.swift; sourceTree = "<group>"; };
		C0E3B5AC276E98180040882C /* Movie AppUITests.xctest */ = {isa = PBXFileReference; explicitFileType = wrapper.cfbundle; includeInIndex = 0; path = "Movie AppUITests.xctest"; sourceTree = BUILT_PRODUCTS_DIR; };
		C0E3B5B0276E98180040882C /* Movie_AppUITests.swift */ = {isa = PBXFileReference; lastKnownFileType = sourcecode.swift; path = Movie_AppUITests.swift; sourceTree = "<group>"; };
		C0E3B5B2276E98180040882C /* Movie_AppUITestsLaunchTests.swift */ = {isa = PBXFileReference; lastKnownFileType = sourcecode.swift; path = Movie_AppUITestsLaunchTests.swift; sourceTree = "<group>"; };
/* End PBXFileReference section */

/* Begin PBXFrameworksBuildPhase section */
		C0E3B589276E98170040882C /* Frameworks */ = {
			isa = PBXFrameworksBuildPhase;
			buildActionMask = 2147483647;
			files = (
			);
			runOnlyForDeploymentPostprocessing = 0;
		};
		C0E3B59F276E98180040882C /* Frameworks */ = {
			isa = PBXFrameworksBuildPhase;
			buildActionMask = 2147483647;
			files = (
			);
			runOnlyForDeploymentPostprocessing = 0;
		};
		C0E3B5A9276E98180040882C /* Frameworks */ = {
			isa = PBXFrameworksBuildPhase;
			buildActionMask = 2147483647;
			files = (
			);
			runOnlyForDeploymentPostprocessing = 0;
		};
/* End PBXFrameworksBuildPhase section */

/* Begin PBXGroup section */
		C0E3B583276E98170040882C = {
			isa = PBXGroup;
			children = (
				C0E3B58E276E98170040882C /* Movie App */,
				C0E3B5A5276E98180040882C /* Movie AppTests */,
				C0E3B5AF276E98180040882C /* Movie AppUITests */,
				C0E3B58D276E98170040882C /* Products */,
			);
			sourceTree = "<group>";
		};
		C0E3B58D276E98170040882C /* Products */ = {
			isa = PBXGroup;
			children = (
				C0E3B58C276E98170040882C /* Movie App.app */,
				C0E3B5A2276E98180040882C /* Movie AppTests.xctest */,
				C0E3B5AC276E98180040882C /* Movie AppUITests.xctest */,
			);
			name = Products;
			sourceTree = "<group>";
		};
		C0E3B58E276E98170040882C /* Movie App */ = {
			isa = PBXGroup;
			children = (
				C0E3B58F276E98170040882C /* AppDelegate.swift */,
				C0E3B591276E98170040882C /* SceneDelegate.swift */,
				C0E3B593276E98170040882C /* ViewController.swift */,
				C0E3B595276E98170040882C /* Main.storyboard */,
				C0E3B598276E98180040882C /* Assets.xcassets */,
				C0E3B59A276E98180040882C /* LaunchScreen.storyboard */,
				C0E3B59D276E98180040882C /* Info.plist */,
			);
			path = "Movie App";
			sourceTree = "<group>";
		};
		C0E3B5A5276E98180040882C /* Movie AppTests */ = {
			isa = PBXGroup;
			children = (
				C0E3B5A6276E98180040882C /* Movie_AppTests.swift */,
			);
			path = "Movie AppTests";
			sourceTree = "<group>";
		};
		C0E3B5AF276E98180040882C /* Movie AppUITests */ = {
			isa = PBXGroup;
			children = (
				C0E3B5B0276E98180040882C /* Movie_AppUITests.swift */,
				C0E3B5B2276E98180040882C /* Movie_AppUITestsLaunchTests.swift */,
			);
			path = "Movie AppUITests";
			sourceTree = "<group>";
		};
/* End PBXGroup section */

/* Begin PBXNativeTarget section */
		C0E3B58B276E98170040882C /* Movie App */ = {
			isa = PBXNativeTarget;
			buildConfigurationList = C0E3B5B6276E98180040882C /* Build configuration list for PBXNativeTarget "Movie App" */;
			buildPhases = (
				C0E3B588276E98170040882C /* Sources */,
				C0E3B589276E98170040882C /* Frameworks */,
				C0E3B58A276E98170040882C /* Resources */,
			);
			buildRules = (
			);
			dependencies = (
			);
			name = "Movie App";
			productName = "Movie App";
			productReference = C0E3B58C276E98170040882C /* Movie App.app */;
			productType = "com.apple.product-type.application";
		};
		C0E3B5A1276E98180040882C /* Movie AppTests */ = {
			isa = PBXNativeTarget;
			buildConfigurationList = C0E3B5B9276E98180040882C /* Build configuration list for PBXNativeTarget "Movie AppTests" */;
			buildPhases = (
				C0E3B59E276E98180040882C /* Sources */,
				C0E3B59F276E98180040882C /* Frameworks */,
				C0E3B5A0276E98180040882C /* Resources */,
			);
			buildRules = (
			);
			dependencies = (
				C0E3B5A4276E98180040882C /* PBXTargetDependency */,
			);
			name = "Movie AppTests";
			productName = "Movie AppTests";
			productReference = C0E3B5A2276E98180040882C /* Movie AppTests.xctest */;
			productType = "com.apple.product-type.bundle.unit-test";
		};
		C0E3B5AB276E98180040882C /* Movie AppUITests */ = {
			isa = PBXNativeTarget;
			buildConfigurationList = C0E3B5BC276E98180040882C /* Build configuration list for PBXNativeTarget "Movie AppUITests" */;
			buildPhases = (
				C0E3B5A8276E98180040882C /* Sources */,
				C0E3B5A9276E98180040882C /* Frameworks */,
				C0E3B5AA276E98180040882C /* Resources */,
			);
			buildRules = (
			);
			dependencies = (
				C0E3B5AE276E98180040882C /* PBXTargetDependency */,
			);
			name = "Movie AppUITests";
			productName = "Movie AppUITests";
			productReference = C0E3B5AC276E98180040882C /* Movie AppUITests.xctest */;
			productType = "com.apple.product-type.bundle.ui-testing";
		};
/* End PBXNativeTarget section */

/* Begin PBXProject section */
		C0E3B584276E98170040882C /* Project object */ = {
			isa = PBXProject;
			attributes = {
				BuildIndependentTargetsInParallel = 1;
				LastSwiftUpdateCheck = 1310;
				LastUpgradeCheck = 1310;
				TargetAttributes = {
					C0E3B58B276E98170040882C = {
						CreatedOnToolsVersion = 13.1;
					};
					C0E3B5A1276E98180040882C = {
						CreatedOnToolsVersion = 13.1;
						TestTargetID = C0E3B58B276E98170040882C;
					};
					C0E3B5AB276E98180040882C = {
						CreatedOnToolsVersion = 13.1;
						TestTargetID = C0E3B58B276E98170040882C;
					};
				};
			};
			buildConfigurationList = C0E3B587276E98170040882C /* Build configuration list for PBXProject "Movie App" */;
			compatibilityVersion = "Xcode 13.0";
			developmentRegion = en;
			hasScannedForEncodings = 0;
			knownRegions = (
				en,
				Base,
			);
			mainGroup = C0E3B583276E98170040882C;
			productRefGroup = C0E3B58D276E98170040882C /* Products */;
			projectDirPath = "";
			projectRoot = "";
			targets = (
				C0E3B58B276E98170040882C /* Movie App */,
				C0E3B5A1276E98180040882C /* Movie AppTests */,
				C0E3B5AB276E98180040882C /* Movie AppUITests */,
			);
		};
/* End PBXProject section */

/* Begin PBXResourcesBuildPhase section */
		C0E3B58A276E98170040882C /* Resources */ = {
			isa = PBXResourcesBuildPhase;
			buildActionMask = 2147483647;
			files = (
				C0E3B59C276E98180040882C /* LaunchScreen.storyboard in Resources */,
				C0E3B599276E98180040882C /* Assets.xcassets in Resources */,
				C0E3B597276E98170040882C /* Main.storyboard in Resources */,
			);
			runOnlyForDeploymentPostprocessing = 0;
		};
		C0E3B5A0276E98180040882C /* Resources */ = {
			isa = PBXResourcesBuildPhase;
			buildActionMask = 2147483647;
			files = (
			);
			runOnlyForDeploymentPostprocessing = 0;
		};
		C0E3B5AA276E98180040882C /* Resources */ = {
			isa = PBXResourcesBuildPhase;
			buildActionMask = 2147483647;
			files = (
			);
			runOnlyForDeploymentPostprocessing = 0;
		};
/* End PBXResourcesBuildPhase section */

/* Begin PBXSourcesBuildPhase section */
		C0E3B588276E98170040882C /* Sources */ = {
			isa = PBXSourcesBuildPhase;
			buildActionMask = 2147483647;
			files = (
				C0E3B594276E98170040882C /* ViewController.swift in Sources */,
				C0E3B590276E98170040882C /* AppDelegate.swift in Sources */,
				C0E3B592276E98170040882C /* SceneDelegate.swift in Sources */,
			);
			runOnlyForDeploymentPostprocessing = 0;
		};
		C0E3B59E276E98180040882C /* Sources */ = {
			isa = PBXSourcesBuildPhase;
			buildActionMask = 2147483647;
			files = (
				C0E3B5A7276E98180040882C /* Movie_AppTests.swift in Sources */,
			);
			runOnlyForDeploymentPostprocessing = 0;
		};
		C0E3B5A8276E98180040882C /* Sources */ = {
			isa = PBXSourcesBuildPhase;
			buildActionMask = 2147483647;
			files = (
				C0E3B5B1276E98180040882C /* Movie_AppUITests.swift in Sources */,
				C0E3B5B3276E98180040882C /* Movie_AppUITestsLaunchTests.swift in Sources */,
			);
			runOnlyForDeploymentPostprocessing = 0;
		};
/* End PBXSourcesBuildPhase section */

/* Begin PBXTargetDependency section */
		C0E3B5A4276E98180040882C /* PBXTargetDependency */ = {
			isa = PBXTargetDependency;
			target = C0E3B58B276E98170040882C /* Movie App */;
			targetProxy = C0E3B5A3276E98180040882C /* PBXContainerItemProxy */;
		};
		C0E3B5AE276E98180040882C /* PBXTargetDependency */ = {
			isa = PBXTargetDependency;
			target = C0E3B58B276E98170040882C /* Movie App */;
			targetProxy = C0E3B5AD276E98180040882C /* PBXContainerItemProxy */;
		};
/* End PBXTargetDependency section */

/* Begin PBXVariantGroup section */
		C0E3B595276E98170040882C /* Main.storyboard */ = {
			isa = PBXVariantGroup;
			children = (
				C0E3B596276E98170040882C /* Base */,
			);
			name = Main.storyboard;
			sourceTree = "<group>";
		};
		C0E3B59A276E98180040882C /* LaunchScreen.storyboard */ = {
			isa = PBXVariantGroup;
			children = (
				C0E3B59B276E98180040882C /* Base */,
			);
			name = LaunchScreen.storyboard;
			sourceTree = "<group>";
		};
/* End PBXVariantGroup section */

/* Begin XCBuildConfiguration section */
		C0E3B5B4276E98180040882C /* Debug */ = {
			isa = XCBuildConfiguration;
			buildSettings = {
				ALWAYS_SEARCH_USER_PATHS = NO;
				CLANG_ANALYZER_NONNULL = YES;
				CLANG_ANALYZER_NUMBER_OBJECT_CONVERSION = YES_AGGRESSIVE;
				CLANG_CXX_LANGUAGE_STANDARD = "gnu++17";
				CLANG_CXX_LIBRARY = "libc++";
				CLANG_ENABLE_MODULES = YES;
				CLANG_ENABLE_OBJC_ARC = YES;
				CLANG_ENABLE_OBJC_WEAK = YES;
				CLANG_WARN_BLOCK_CAPTURE_AUTORELEASING = YES;
				CLANG_WARN_BOOL_CONVERSION = YES;
				CLANG_WARN_COMMA = YES;
				CLANG_WARN_CONSTANT_CONVERSION = YES;
				CLANG_WARN_DEPRECATED_OBJC_IMPLEMENTATIONS = YES;
				CLANG_WARN_DIRECT_OBJC_ISA_USAGE = YES_ERROR;
				CLANG_WARN_DOCUMENTATION_COMMENTS = YES;
				CLANG_WARN_EMPTY_BODY = YES;
				CLANG_WARN_ENUM_CONVERSION = YES;
				CLANG_WARN_INFINITE_RECURSION = YES;
				CLANG_WARN_INT_CONVERSION = YES;
				CLANG_WARN_NON_LITERAL_NULL_CONVERSION = YES;
				CLANG_WARN_OBJC_IMPLICIT_RETAIN_SELF = YES;
				CLANG_WARN_OBJC_LITERAL_CONVERSION = YES;
				CLANG_WARN_OBJC_ROOT_CLASS = YES_ERROR;
				CLANG_WARN_QUOTED_INCLUDE_IN_FRAMEWORK_HEADER = YES;
				CLANG_WARN_RANGE_LOOP_ANALYSIS = YES;
				CLANG_WARN_STRICT_PROTOTYPES = YES;
				CLANG_WARN_SUSPICIOUS_MOVE = YES;
				CLANG_WARN_UNGUARDED_AVAILABILITY = YES_AGGRESSIVE;
				CLANG_WARN_UNREACHABLE_CODE = YES;
				CLANG_WARN__DUPLICATE_METHOD_MATCH = YES;
				COPY_PHASE_STRIP = NO;
				DEBUG_INFORMATION_FORMAT = dwarf;
				ENABLE_STRICT_OBJC_MSGSEND = YES;
				ENABLE_TESTABILITY = YES;
				GCC_C_LANGUAGE_STANDARD = gnu11;
				GCC_DYNAMIC_NO_PIC = NO;
				GCC_NO_COMMON_BLOCKS = YES;
				GCC_OPTIMIZATION_LEVEL = 0;
				GCC_PREPROCESSOR_DEFINITIONS = (
					"DEBUG=1",
					"$(inherited)",
				);
				GCC_WARN_64_TO_32_BIT_CONVERSION = YES;
				GCC_WARN_ABOUT_RETURN_TYPE = YES_ERROR;
				GCC_WARN_UNDECLARED_SELECTOR = YES;
				GCC_WARN_UNINITIALIZED_AUTOS = YES_AGGRESSIVE;
				GCC_WARN_UNUSED_FUNCTION = YES;
				GCC_WARN_UNUSED_VARIABLE = YES;
				IPHONEOS_DEPLOYMENT_TARGET = 15.0;
				MTL_ENABLE_DEBUG_INFO = INCLUDE_SOURCE;
				MTL_FAST_MATH = YES;
				ONLY_ACTIVE_ARCH = YES;
				SDKROOT = iphoneos;
				SWIFT_ACTIVE_COMPILATION_CONDITIONS = DEBUG;
				SWIFT_OPTIMIZATION_LEVEL = "-Onone";
			};
			name = Debug;
		};
		C0E3B5B5276E98180040882C /* Release */ = {
			isa = XCBuildConfiguration;
			buildSettings = {
				ALWAYS_SEARCH_USER_PATHS = NO;
				CLANG_ANALYZER_NONNULL = YES;
				CLANG_ANALYZER_NUMBER_OBJECT_CONVERSION = YES_AGGRESSIVE;
				CLANG_CXX_LANGUAGE_STANDARD = "gnu++17";
				CLANG_CXX_LIBRARY = "libc++";
				CLANG_ENABLE_MODULES = YES;
				CLANG_ENABLE_OBJC_ARC = YES;
				CLANG_ENABLE_OBJC_WEAK = YES;
				CLANG_WARN_BLOCK_CAPTURE_AUTORELEASING = YES;
				CLANG_WARN_BOOL_CONVERSION = YES;
				CLANG_WARN_COMMA = YES;
				CLANG_WARN_CONSTANT_CONVERSION = YES;
				CLANG_WARN_DEPRECATED_OBJC_IMPLEMENTATIONS = YES;
				CLANG_WARN_DIRECT_OBJC_ISA_USAGE = YES_ERROR;
				CLANG_WARN_DOCUMENTATION_COMMENTS = YES;
				CLANG_WARN_EMPTY_BODY = YES;
				CLANG_WARN_ENUM_CONVERSION = YES;
				CLANG_WARN_INFINITE_RECURSION = YES;
				CLANG_WARN_INT_CONVERSION = YES;
				CLANG_WARN_NON_LITERAL_NULL_CONVERSION = YES;
				CLANG_WARN_OBJC_IMPLICIT_RETAIN_SELF = YES;
				CLANG_WARN_OBJC_LITERAL_CONVERSION = YES;
				CLANG_WARN_OBJC_ROOT_CLASS = YES_ERROR;
				CLANG_WARN_QUOTED_INCLUDE_IN_FRAMEWORK_HEADER = YES;
				CLANG_WARN_RANGE_LOOP_ANALYSIS = YES;
				CLANG_WARN_STRICT_PROTOTYPES = YES;
				CLANG_WARN_SUSPICIOUS_MOVE = YES;
				CLANG_WARN_UNGUARDED_AVAILABILITY = YES_AGGRESSIVE;
				CLANG_WARN_UNREACHABLE_CODE = YES;
				CLANG_WARN__DUPLICATE_METHOD_MATCH = YES;
				COPY_PHASE_STRIP = NO;
				DEBUG_INFORMATION_FORMAT = "dwarf-with-dsym";
				ENABLE_NS_ASSERTIONS = NO;
				ENABLE_STRICT_OBJC_MSGSEND = YES;
				GCC_C_LANGUAGE_STANDARD = gnu11;
				GCC_NO_COMMON_BLOCKS = YES;
				GCC_WARN_64_TO_32_BIT_CONVERSION = YES;
				GCC_WARN_ABOUT_RETURN_TYPE = YES_ERROR;
				GCC_WARN_UNDECLARED_SELECTOR = YES;
				GCC_WARN_UNINITIALIZED_AUTOS = YES_AGGRESSIVE;
				GCC_WARN_UNUSED_FUNCTION = YES;
				GCC_WARN_UNUSED_VARIABLE = YES;
				IPHONEOS_DEPLOYMENT_TARGET = 15.0;
				MTL_ENABLE_DEBUG_INFO = NO;
				MTL_FAST_MATH = YES;
				SDKROOT = iphoneos;
				SWIFT_COMPILATION_MODE = wholemodule;
				SWIFT_OPTIMIZATION_LEVEL = "-O";
				VALIDATE_PRODUCT = YES;
			};
			name = Release;
		};
		C0E3B5B7276E98180040882C /* Debug */ = {
			isa = XCBuildConfiguration;
			buildSettings = {
				ASSETCATALOG_COMPILER_APPICON_NAME = AppIcon;
				ASSETCATALOG_COMPILER_GLOBAL_ACCENT_COLOR_NAME = AccentColor;
				CODE_SIGN_STYLE = Automatic;
				CURRENT_PROJECT_VERSION = 1;
				GENERATE_INFOPLIST_FILE = YES;
				INFOPLIST_FILE = "Movie App/Info.plist";
				INFOPLIST_KEY_UIApplicationSupportsIndirectInputEvents = YES;
				INFOPLIST_KEY_UILaunchStoryboardName = LaunchScreen;
				INFOPLIST_KEY_UIMainStoryboardFile = Main;
				INFOPLIST_KEY_UISupportedInterfaceOrientations_iPad = "UIInterfaceOrientationPortrait UIInterfaceOrientationPortraitUpsideDown UIInterfaceOrientationLandscapeLeft UIInterfaceOrientationLandscapeRight";
				INFOPLIST_KEY_UISupportedInterfaceOrientations_iPhone = "UIInterfaceOrientationPortrait UIInterfaceOrientationLandscapeLeft UIInterfaceOrientationLandscapeRight";
				LD_RUNPATH_SEARCH_PATHS = (
					"$(inherited)",
					"@executable_path/Frameworks",
				);
				MARKETING_VERSION = 1.0;
				PRODUCT_BUNDLE_IDENTIFIER = "Armando-Taveras.Movie-App";
				PRODUCT_NAME = "$(TARGET_NAME)";
				SWIFT_EMIT_LOC_STRINGS = YES;
				SWIFT_VERSION = 5.0;
				TARGETED_DEVICE_FAMILY = "1,2";
			};
			name = Debug;
		};
		C0E3B5B8276E98180040882C /* Release */ = {
			isa = XCBuildConfiguration;
			buildSettings = {
				ASSETCATALOG_COMPILER_APPICON_NAME = AppIcon;
				ASSETCATALOG_COMPILER_GLOBAL_ACCENT_COLOR_NAME = AccentColor;
				CODE_SIGN_STYLE = Automatic;
				CURRENT_PROJECT_VERSION = 1;
				GENERATE_INFOPLIST_FILE = YES;
				INFOPLIST_FILE = "Movie App/Info.plist";
				INFOPLIST_KEY_UIApplicationSupportsIndirectInputEvents = YES;
				INFOPLIST_KEY_UILaunchStoryboardName = LaunchScreen;
				INFOPLIST_KEY_UIMainStoryboardFile = Main;
				INFOPLIST_KEY_UISupportedInterfaceOrientations_iPad = "UIInterfaceOrientationPortrait UIInterfaceOrientationPortraitUpsideDown UIInterfaceOrientationLandscapeLeft UIInterfaceOrientationLandscapeRight";
				INFOPLIST_KEY_UISupportedInterfaceOrientations_iPhone = "UIInterfaceOrientationPortrait UIInterfaceOrientationLandscapeLeft UIInterfaceOrientationLandscapeRight";
				LD_RUNPATH_SEARCH_PATHS = (
					"$(inherited)",
					"@executable_path/Frameworks",
				);
				MARKETING_VERSION = 1.0;
				PRODUCT_BUNDLE_IDENTIFIER = "Armando-Taveras.Movie-App";
				PRODUCT_NAME = "$(TARGET_NAME)";
				SWIFT_EMIT_LOC_STRINGS = YES;
				SWIFT_VERSION = 5.0;
				TARGETED_DEVICE_FAMILY = "1,2";
			};
			name = Release;
		};
		C0E3B5BA276E98180040882C /* Debug */ = {
			isa = XCBuildConfiguration;
			buildSettings = {
				ALWAYS_EMBED_SWIFT_STANDARD_LIBRARIES = YES;
				BUNDLE_LOADER = "$(TEST_HOST)";
				CODE_SIGN_STYLE = Automatic;
				CURRENT_PROJECT_VERSION = 1;
				GENERATE_INFOPLIST_FILE = YES;
				IPHONEOS_DEPLOYMENT_TARGET = 15.0;
				LD_RUNPATH_SEARCH_PATHS = (
					"$(inherited)",
					"@executable_path/Frameworks",
					"@loader_path/Frameworks",
				);
				MARKETING_VERSION = 1.0;
				PRODUCT_BUNDLE_IDENTIFIER = "Armando-Taveras.Movie-AppTests";
				PRODUCT_NAME = "$(TARGET_NAME)";
				SWIFT_EMIT_LOC_STRINGS = NO;
				SWIFT_VERSION = 5.0;
				TARGETED_DEVICE_FAMILY = "1,2";
				TEST_HOST = "$(BUILT_PRODUCTS_DIR)/Movie App.app/Movie App";
			};
			name = Debug;
		};
		C0E3B5BB276E98180040882C /* Release */ = {
			isa = XCBuildConfiguration;
			buildSettings = {
				ALWAYS_EMBED_SWIFT_STANDARD_LIBRARIES = YES;
				BUNDLE_LOADER = "$(TEST_HOST)";
				CODE_SIGN_STYLE = Automatic;
				CURRENT_PROJECT_VERSION = 1;
				GENERATE_INFOPLIST_FILE = YES;
				IPHONEOS_DEPLOYMENT_TARGET = 15.0;
				LD_RUNPATH_SEARCH_PATHS = (
					"$(inherited)",
					"@executable_path/Frameworks",
					"@loader_path/Frameworks",
				);
				MARKETING_VERSION = 1.0;
				PRODUCT_BUNDLE_IDENTIFIER = "Armando-Taveras.Movie-AppTests";
				PRODUCT_NAME = "$(TARGET_NAME)";
				SWIFT_EMIT_LOC_STRINGS = NO;
				SWIFT_VERSION = 5.0;
				TARGETED_DEVICE_FAMILY = "1,2";
				TEST_HOST = "$(BUILT_PRODUCTS_DIR)/Movie App.app/Movie App";
			};
			name = Release;
		};
		C0E3B5BD276E98180040882C /* Debug */ = {
			isa = XCBuildConfiguration;
			buildSettings = {
				ALWAYS_EMBED_SWIFT_STANDARD_LIBRARIES = YES;
				CODE_SIGN_STYLE = Automatic;
				CURRENT_PROJECT_VERSION = 1;
				GENERATE_INFOPLIST_FILE = YES;
				LD_RUNPATH_SEARCH_PATHS = (
					"$(inherited)",
					"@executable_path/Frameworks",
					"@loader_path/Frameworks",
				);
				MARKETING_VERSION = 1.0;
				PRODUCT_BUNDLE_IDENTIFIER = "Armando-Taveras.Movie-AppUITests";
				PRODUCT_NAME = "$(TARGET_NAME)";
				SWIFT_EMIT_LOC_STRINGS = NO;
				SWIFT_VERSION = 5.0;
				TARGETED_DEVICE_FAMILY = "1,2";
				TEST_TARGET_NAME = "Movie App";
			};
			name = Debug;
		};
		C0E3B5BE276E98180040882C /* Release */ = {
			isa = XCBuildConfiguration;
			buildSettings = {
				ALWAYS_EMBED_SWIFT_STANDARD_LIBRARIES = YES;
				CODE_SIGN_STYLE = Automatic;
				CURRENT_PROJECT_VERSION = 1;
				GENERATE_INFOPLIST_FILE = YES;
				LD_RUNPATH_SEARCH_PATHS = (
					"$(inherited)",
					"@executable_path/Frameworks",
					"@loader_path/Frameworks",
				);
				MARKETING_VERSION = 1.0;
				PRODUCT_BUNDLE_IDENTIFIER = "Armando-Taveras.Movie-AppUITests";
				PRODUCT_NAME = "$(TARGET_NAME)";
				SWIFT_EMIT_LOC_STRINGS = NO;
				SWIFT_VERSION = 5.0;
				TARGETED_DEVICE_FAMILY = "1,2";
				TEST_TARGET_NAME = "Movie App";
			};
			name = Release;
		};
/* End XCBuildConfiguration section */

/* Begin XCConfigurationList section */
		C0E3B587276E98170040882C /* Build configuration list for PBXProject "Movie App" */ = {
			isa = XCConfigurationList;
			buildConfigurations = (
				C0E3B5B4276E98180040882C /* Debug */,
				C0E3B5B5276E98180040882C /* Release */,
			);
			defaultConfigurationIsVisible = 0;
			defaultConfigurationName = Release;
		};
		C0E3B5B6276E98180040882C /* Build configuration list for PBXNativeTarget "Movie App" */ = {
			isa = XCConfigurationList;
			buildConfigurations = (
				C0E3B5B7276E98180040882C /* Debug */,
				C0E3B5B8276E98180040882C /* Release */,
			);
			defaultConfigurationIsVisible = 0;
			defaultConfigurationName = Release;
		};
		C0E3B5B9276E98180040882C /* Build configuration list for PBXNativeTarget "Movie AppTests" */ = {
			isa = XCConfigurationList;
			buildConfigurations = (
				C0E3B5BA276E98180040882C /* Debug */,
				C0E3B5BB276E98180040882C /* Release */,
			);
			defaultConfigurationIsVisible = 0;
			defaultConfigurationName = Release;
		};
		C0E3B5BC276E98180040882C /* Build configuration list for PBXNativeTarget "Movie AppUITests" */ = {
			isa = XCConfigurationList;
			buildConfigurations = (
				C0E3B5BD276E98180040882C /* Debug */,
				C0E3B5BE276E98180040882C /* Release */,
			);
			defaultConfigurationIsVisible = 0;
			defaultConfigurationName = Release;
		};
/* End XCConfigurationList section */
	};
	rootObject = C0E3B584276E98170040882C /* Project object */;
}
